schema: '2.0'
stages:
  fetch:
    cmd: uv run python src/data/fetch_data.py
    deps:
    - path: src/data/fetch_data.py
      hash: md5
      md5: fc2b95d244328cb6bc907198b6175391
      size: 4578
    params:
      params.yaml:
        fetch.raw_dir: data/raw
    outs:
    - path: data/raw/_combined.csv
      hash: md5
      md5: 7303c46eee45cf98848b662ad9e836d3
      size: 3225467224
  preprocess:
    cmd: uv run python src/data/preprocess_data.py
    deps:
    - path: data/raw/_combined.csv
      hash: md5
      md5: 7303c46eee45cf98848b662ad9e836d3
      size: 3225467224
    - path: src/data/preprocess_data.py
      hash: md5
      md5: 1943f214c149e03b61106b9e4b75b31c
      size: 6956
    params:
      params.yaml:
        preprocess:
          output_path: data/preprocessed/flights.csv
          drop_cancelled: true
          drop_diverted: true
          reference_year: 2024
          current_year: 2025
    outs:
    - path: data/preprocessed/flights.csv
      hash: md5
      md5: f9d6ca0bbd7f611bd580f0fb64a55a06
      size: 1170413285
  validate:
    cmd: cd gx && uv run python run_checkpoint.py
    deps:
    - path: data/preprocessed/flights.csv
      hash: md5
      md5: f9d6ca0bbd7f611bd580f0fb64a55a06
      size: 1170413285
    outs:
    - path: gx/uncommitted
      hash: md5
      md5: 7a2667b3d9463f26d64ab644f8c7da77.dir
      size: 4646405
      nfiles: 34
  test_data:
    cmd: uv run python src/data/test_data.py
    deps:
    - path: data/preprocessed/flights_current.csv
      hash: md5
      md5: 0a3975173d371f48e3c4fa519c08dbcf
      size: 84812894
    - path: data/preprocessed/flights_reference.csv
      hash: md5
      md5: 29c36ca15f6eb98306491e019b4bd9a4
      size: 1085600689
    - path: src/data/test_data.py
      hash: md5
      md5: 6654907be6bd641bb4b1cc27fa295ae5
      size: 6293
    outs:
    - path: data/reference
      hash: md5
      md5: 741b9aab90ce689c094cebdbce9f05c3.dir
      size: 84812894
      nfiles: 1
    - path: reports/drift_report.html
      hash: md5
      md5: 0f5c19fac34d18ae56a4b4074aca83df
      size: 4830329
  train:
    cmd: uv run python src/model/train.py
    deps:
    - path: data/preprocessed/flights.csv
      hash: md5
      md5: f9d6ca0bbd7f611bd580f0fb64a55a06
      size: 1170413285
    - path: data/reference
      hash: md5
      md5: 741b9aab90ce689c094cebdbce9f05c3.dir
      size: 84812894
      nfiles: 1
    - path: gx/uncommitted
      hash: md5
      md5: 7a2667b3d9463f26d64ab644f8c7da77.dir
      size: 4646405
      nfiles: 34
    - path: src/model/preprocess.py
      hash: md5
      md5: b8d9d5bac1b974cab127d9af02549447
      size: 4769
    - path: src/model/train.py
      hash: md5
      md5: f2c782efa5ac6a6eda5275014747f3a8
      size: 11400
    params:
      params.yaml:
        train:
          test_size: 0.2
          random_state: 42
          target_col: DepDelayMinutes
          n_estimators: 500
          max_depth: 8
          learning_rate: 0.05
          subsample: 0.8
          sample_size: 1000000
    outs:
    - path: models
      hash: md5
      md5: f06201af4d57105b527656a8792996c0.dir
      size: 6026265
      nfiles: 2
  analyze_reviews:
    cmd: uv run python src/reviews/batch_predict.py
    deps:
    - path: data/reviews/sample_reviews.csv
      hash: md5
      md5: 71d6d556a0436ff60da7a2dcadc59a42
      size: 2312
    - path: src/reviews/analyzer.py
      hash: md5
      md5: dff0e278187bc3f9996266d123485e79
      size: 3988
    - path: src/reviews/batch_predict.py
      hash: md5
      md5: cc4824595943c5311622a7e0243abfd5
      size: 4678
    outs:
    - path: data/reviews/predictions.csv
      hash: md5
      md5: 0bdb258db696e84aab4dd58b338c72e1
      size: 4957
    - path: reports/sentiment_summary.csv
      hash: md5
      md5: b5dc34680ffcae260a060d990ad65d8a
      size: 599
    - path: reports/sentiment_summary.png
      hash: md5
      md5: 7e89ad1d5f94cbc0463b52150cb4e7b3
      size: 49631
