schema: '2.0'
stages:
  fetch:
    cmd: uv run python src/data/fetch_data.py
    deps:
    - path: src/data/fetch_data.py
      hash: md5
      md5: fc2b95d244328cb6bc907198b6175391
      size: 4578
    params:
      params.yaml:
        fetch.raw_dir: data/raw
    outs:
    - path: data/raw/_combined.csv
      hash: md5
      md5: 7c53b04693e36d2db285caaa7b08e16f
      size: 978033254
  preprocess:
    cmd: uv run python src/data/preprocess_data.py
    deps:
    - path: data/raw/_combined.csv
      hash: md5
      md5: 7c53b04693e36d2db285caaa7b08e16f
      size: 978033254
    - path: src/data/preprocess_data.py
      hash: md5
      md5: d284ef7e65e15af9f6a99c55fa961a90
      size: 7234
    params:
      params.yaml:
        preprocess:
          output_path: data/preprocessed/flights.csv
          drop_cancelled: true
          drop_diverted: true
          filter_year: 2024
    outs:
    - path: data/preprocessed/flights.csv
      hash: md5
      md5: bf762734d7916250876f7c09b96d8221
      size: 352780801
  validate:
    cmd: cd gx && uv run python run_checkpoint.py
    deps:
    - path: data/preprocessed/flights.csv
      hash: md5
      md5: bf762734d7916250876f7c09b96d8221
      size: 352780801
    outs:
    - path: gx/uncommitted
      hash: md5
      md5: 46462f8557816eb539e05055c92f5b6d.dir
      size: 4448361
      nfiles: 30
  test_data:
    cmd: uv run python src/data/test_data.py
    deps:
    - path: data/preprocessed/flights_current.csv
      hash: md5
      md5: cd91d949b9189df35586170a46656404
      size: 190591679
    - path: data/preprocessed/flights_reference.csv
      hash: md5
      md5: 18b717407f0846bf461ac8dea7dee144
      size: 162189420
    - path: src/data/test_data.py
      hash: md5
      md5: 9000a27700d140d93afe6c4618099b93
      size: 4814
    outs:
    - path: data/reference
      hash: md5
      md5: 8a3b8a5feac51984f1c1a1eeeaea74f0.dir
      size: 190591679
      nfiles: 1
    - path: reports/drift_report.html
      hash: md5
      md5: f9805bc8c525bef1bda94654b3dc01a8
      size: 4882488
  train:
    cmd: uv run python src/model/train.py
    deps:
    - path: data/preprocessed/flights.csv
      hash: md5
      md5: bf762734d7916250876f7c09b96d8221
      size: 352780801
    - path: data/reference
      hash: md5
      md5: d751713988987e9331980363e24189ce.dir
      size: 0
      nfiles: 0
    - path: gx/uncommitted
      hash: md5
      md5: 46462f8557816eb539e05055c92f5b6d.dir
      size: 4448361
      nfiles: 30
    - path: src/model/preprocess.py
      hash: md5
      md5: d41d8cd98f00b204e9800998ecf8427e
      size: 0
    - path: src/model/train.py
      hash: md5
      md5: d41d8cd98f00b204e9800998ecf8427e
      size: 0
    params:
      params.yaml:
        train:
          test_size: 0.2
          random_state: 42
          target_col: DepDelayMinutes
          n_estimators: 500
          max_depth: 8
          learning_rate: 0.05
          subsample: 0.8
    outs:
    - path: models
      hash: md5
      md5: d751713988987e9331980363e24189ce.dir
      size: 0
      nfiles: 0
